
Microsoft Visual Studio Solution File, Format Version 12.00
# Visual Studio Version 17
VisualStudioVersion = 17.6.33723.286
MinimumVisualStudioVersion = 10.0.40219.1
Project("{9A19103F-16F7-4668-BE54-9A1E7A4F7556}") = "NetCoreConf2023.BlogApp.Api", "NetCoreConf2023.MyApplication\NetCoreConf2023.BlogApp.Api.csproj", "{30A799A1-FC91-4443-8BBE-232540497EF2}"
EndProject
Project("{FAE04EC0-301F-11D3-BF4B-00C04F79EFBC}") = "NetCoreConf2023.BlogApp.IntegrationTests", "NetCoreConf2023.BlogApp.IntegrationTests\NetCoreConf2023.BlogApp.IntegrationTests.csproj", "{73C5EDE3-BB00-4963-9EB5-7CB85548A321}"
EndProject
Global
	GlobalSection(SolutionConfigurationPlatforms) = preSolution
		Debug|Any CPU = Debug|Any CPU
		Release|Any CPU = Release|Any CPU
	EndGlobalSection
	GlobalSection(ProjectConfigurationPlatforms) = postSolution
		{30A799A1-FC91-4443-8BBE-232540497EF2}.Debug|Any CPU.ActiveCfg = Debug|Any CPU
		{30A799A1-FC91-4443-8BBE-232540497EF2}.Debug|Any CPU.Build.0 = Debug|Any CPU
		{30A799A1-FC91-4443-8BBE-232540497EF2}.Release|Any CPU.ActiveCfg = Release|Any CPU
		{30A799A1-FC91-4443-8BBE-232540497EF2}.Release|Any CPU.Build.0 = Release|Any CPU
		{73C5EDE3-BB00-4963-9EB5-7CB85548A321}.Debug|Any CPU.ActiveCfg = Debug|Any CPU
		{73C5EDE3-BB00-4963-9EB5-7CB85548A321}.Debug|Any CPU.Build.0 = Debug|Any CPU
		{73C5EDE3-BB00-4963-9EB5-7CB85548A321}.Release|Any CPU.ActiveCfg = Release|Any CPU
		{73C5EDE3-BB00-4963-9EB5-7CB85548A321}.Release|Any CPU.Build.0 = Release|Any CPU
	EndGlobalSection
	GlobalSection(SolutionProperties) = preSolution
		HideSolutionNode = FALSE
	EndGlobalSection
	GlobalSection(ExtensibilityGlobals) = postSolution
		SolutionGuid = {3AF060B5-69BC-4DB3-BBAD-B6C6E450C03D}
	EndGlobalSection
EndGlobal
